
Microsoft Visual Studio Solution File, Format Version 12.00
# Visual Studio Version 17
VisualStudioVersion = 17.9.34616.47
MinimumVisualStudioVersion = 10.0.40219.1
Project("{FAE04EC0-301F-11D3-BF4B-00C04F79EFBC}") = "ConsoleApp1", "ConsoleApp1\ConsoleApp1.csproj", "{CFB92E0F-8979-483F-9016-761B8A45E5AC}"
EndProject
Global
	GlobalSection(SolutionConfigurationPlatforms) = preSolution
		Debug|Any CPU = Debug|Any CPU
		Release|Any CPU = Release|Any CPU
	EndGlobalSection
	GlobalSection(ProjectConfigurationPlatforms) = postSolution
		{CFB92E0F-8979-483F-9016-761B8A45E5AC}.Debug|Any CPU.ActiveCfg = Debug|Any CPU
		{CFB92E0F-8979-483F-9016-761B8A45E5AC}.Debug|Any CPU.Build.0 = Debug|Any CPU
		{CFB92E0F-8979-483F-9016-761B8A45E5AC}.Release|Any CPU.ActiveCfg = Release|Any CPU
		{CFB92E0F-8979-483F-9016-761B8A45E5AC}.Release|Any CPU.Build.0 = Release|Any CPU
	EndGlobalSection
	GlobalSection(SolutionProperties) = preSolution
		HideSolutionNode = FALSE
	EndGlobalSection
	GlobalSection(ExtensibilityGlobals) = postSolution
		SolutionGuid = {959D76B1-D5BD-48AF-B177-324590685CBA}
	EndGlobalSection
EndGlobal
